// !$*UTF8*$!
{
	archiveVersion = 1;
	classes = {
	};
	objectVersion = 46;
	objects = {

/* Begin PBXBuildFile section */
		8D8B7C47195BA331009C1110 /* AppDelegate.swift in Sources */ = {isa = PBXBuildFile; fileRef = 8D8B7C46195BA331009C1110 /* AppDelegate.swift */; };
		8D8B7C49195BA331009C1110 /* SearchResultsViewController.swift in Sources */ = {isa = PBXBuildFile; fileRef = 8D8B7C48195BA331009C1110 /* SearchResultsViewController.swift */; };
		8D8B7C4C195BA331009C1110 /* Main.storyboard in Resources */ = {isa = PBXBuildFile; fileRef = 8D8B7C4A195BA331009C1110 /* Main.storyboard */; };
		8D8B7C4E195BA331009C1110 /* Images.xcassets in Resources */ = {isa = PBXBuildFile; fileRef = 8D8B7C4D195BA331009C1110 /* Images.xcassets */; };
		8D8B7C5A195BA332009C1110 /* JamesQTests.swift in Sources */ = {isa = PBXBuildFile; fileRef = 8D8B7C59195BA332009C1110 /* JamesQTests.swift */; };
		8DBAD2E3195BABFD003D8C51 /* APIController.swift in Sources */ = {isa = PBXBuildFile; fileRef = 8DBAD2E2195BABFD003D8C51 /* APIController.swift */; };
		8DBAD2E5195C9ED4003D8C51 /* Album.swift in Sources */ = {isa = PBXBuildFile; fileRef = 8DBAD2E4195C9ED4003D8C51 /* Album.swift */; };
		8DBAD2E9195CBE68003D8C51 /* DetailsViewController.swift in Sources */ = {isa = PBXBuildFile; fileRef = 8DBAD2E8195CBE68003D8C51 /* DetailsViewController.swift */; };
		8DBAD2EB195D9450003D8C51 /* Track.swift in Sources */ = {isa = PBXBuildFile; fileRef = 8DBAD2EA195D9450003D8C51 /* Track.swift */; };
		8DBAD2F1195F7443003D8C51 /* TrackCell.swift in Sources */ = {isa = PBXBuildFile; fileRef = 8DBAD2F0195F7443003D8C51 /* TrackCell.swift */; };
		F114E16D5CB8443D9252F089 /* libPods.a in Frameworks */ = {isa = PBXBuildFile; fileRef = A9E71CF8748540858636044D /* libPods.a */; };
/* End PBXBuildFile section */

/* Begin PBXContainerItemProxy section */
		8D8B7C54195BA332009C1110 /* PBXContainerItemProxy */ = {
			isa = PBXContainerItemProxy;
			containerPortal = 8D8B7C39195BA331009C1110 /* Project object */;
			proxyType = 1;
			remoteGlobalIDString = 8D8B7C40195BA331009C1110;
			remoteInfo = JamesQ;
		};
/* End PBXContainerItemProxy section */

/* Begin PBXFileReference section */
		8D8B7C41195BA331009C1110 /* JamesQ.app */ = {isa = PBXFileReference; explicitFileType = wrapper.application; includeInIndex = 0; path = JamesQ.app; sourceTree = BUILT_PRODUCTS_DIR; };
		8D8B7C45195BA331009C1110 /* Info.plist */ = {isa = PBXFileReference; lastKnownFileType = text.plist.xml; path = Info.plist; sourceTree = "<group>"; };
		8D8B7C46195BA331009C1110 /* AppDelegate.swift */ = {isa = PBXFileReference; lastKnownFileType = sourcecode.swift; path = AppDelegate.swift; sourceTree = "<group>"; };
		8D8B7C48195BA331009C1110 /* SearchResultsViewController.swift */ = {isa = PBXFileReference; lastKnownFileType = sourcecode.swift; path = SearchResultsViewController.swift; sourceTree = "<group>"; };
		8D8B7C4B195BA331009C1110 /* Base */ = {isa = PBXFileReference; lastKnownFileType = file.storyboard; name = Base; path = Base.lproj/Main.storyboard; sourceTree = "<group>"; };
		8D8B7C4D195BA331009C1110 /* Images.xcassets */ = {isa = PBXFileReference; lastKnownFileType = folder.assetcatalog; path = Images.xcassets; sourceTree = "<group>"; };
		8D8B7C53195BA332009C1110 /* JamesQTests.xctest */ = {isa = PBXFileReference; explicitFileType = wrapper.cfbundle; includeInIndex = 0; path = JamesQTests.xctest; sourceTree = BUILT_PRODUCTS_DIR; };
		8D8B7C58195BA332009C1110 /* Info.plist */ = {isa = PBXFileReference; lastKnownFileType = text.plist.xml; path = Info.plist; sourceTree = "<group>"; };
		8D8B7C59195BA332009C1110 /* JamesQTests.swift */ = {isa = PBXFileReference; lastKnownFileType = sourcecode.swift; path = JamesQTests.swift; sourceTree = "<group>"; };
		8DBAD2E2195BABFD003D8C51 /* APIController.swift */ = {isa = PBXFileReference; fileEncoding = 4; lastKnownFileType = sourcecode.swift; path = APIController.swift; sourceTree = "<group>"; };
		8DBAD2E4195C9ED4003D8C51 /* Album.swift */ = {isa = PBXFileReference; fileEncoding = 4; lastKnownFileType = sourcecode.swift; path = Album.swift; sourceTree = "<group>"; };
		8DBAD2E8195CBE68003D8C51 /* DetailsViewController.swift */ = {isa = PBXFileReference; fileEncoding = 4; lastKnownFileType = sourcecode.swift; path = DetailsViewController.swift; sourceTree = "<group>"; };
		8DBAD2EA195D9450003D8C51 /* Track.swift */ = {isa = PBXFileReference; fileEncoding = 4; lastKnownFileType = sourcecode.swift; path = Track.swift; sourceTree = "<group>"; };
		8DBAD2F0195F7443003D8C51 /* TrackCell.swift */ = {isa = PBXFileReference; fileEncoding = 4; lastKnownFileType = sourcecode.swift; path = TrackCell.swift; sourceTree = "<group>"; };
		8DBE087D196B73AD00B5E585 /* JamesQ-Bridging-Header.h */ = {isa = PBXFileReference; lastKnownFileType = sourcecode.c.h; path = "JamesQ-Bridging-Header.h"; sourceTree = SOURCE_ROOT; };
		A9E71CF8748540858636044D /* libPods.a */ = {isa = PBXFileReference; explicitFileType = archive.ar; includeInIndex = 0; path = libPods.a; sourceTree = BUILT_PRODUCTS_DIR; };
		B5C58FC826C64299AAFAC286 /* Pods.xcconfig */ = {isa = PBXFileReference; includeInIndex = 1; lastKnownFileType = text.xcconfig; name = Pods.xcconfig; path = Pods/Pods.xcconfig; sourceTree = "<group>"; };
/* End PBXFileReference section */

/* Begin PBXFrameworksBuildPhase section */
		8D8B7C3E195BA331009C1110 /* Frameworks */ = {
			isa = PBXFrameworksBuildPhase;
			buildActionMask = 2147483647;
			files = (
				F114E16D5CB8443D9252F089 /* libPods.a in Frameworks */,
			);
			runOnlyForDeploymentPostprocessing = 0;
		};
		8D8B7C50195BA332009C1110 /* Frameworks */ = {
			isa = PBXFrameworksBuildPhase;
			buildActionMask = 2147483647;
			files = (
			);
			runOnlyForDeploymentPostprocessing = 0;
		};
/* End PBXFrameworksBuildPhase section */

/* Begin PBXGroup section */
		24FDA12BA99B4DE1B2625894 /* Frameworks */ = {
			isa = PBXGroup;
			children = (
				A9E71CF8748540858636044D /* libPods.a */,
			);
			name = Frameworks;
			sourceTree = "<group>";
		};
		8D8B7C38195BA331009C1110 = {
			isa = PBXGroup;
			children = (
				8D8B7C43195BA331009C1110 /* JamesQ */,
				8D8B7C56195BA332009C1110 /* JamesQTests */,
				8D8B7C42195BA331009C1110 /* Products */,
				B5C58FC826C64299AAFAC286 /* Pods.xcconfig */,
				24FDA12BA99B4DE1B2625894 /* Frameworks */,
			);
			sourceTree = "<group>";
		};
		8D8B7C42195BA331009C1110 /* Products */ = {
			isa = PBXGroup;
			children = (
				8D8B7C41195BA331009C1110 /* JamesQ.app */,
				8D8B7C53195BA332009C1110 /* JamesQTests.xctest */,
			);
			name = Products;
			sourceTree = "<group>";
		};
		8D8B7C43195BA331009C1110 /* JamesQ */ = {
			isa = PBXGroup;
			children = (
				8DBE087D196B73AD00B5E585 /* JamesQ-Bridging-Header.h */,
				8D8B7C46195BA331009C1110 /* AppDelegate.swift */,
				8DBAD2E2195BABFD003D8C51 /* APIController.swift */,
				8D8B7C48195BA331009C1110 /* SearchResultsViewController.swift */,
				8D8B7C4A195BA331009C1110 /* Main.storyboard */,
				8D8B7C4D195BA331009C1110 /* Images.xcassets */,
				8D8B7C44195BA331009C1110 /* Supporting Files */,
				8DBAD2E4195C9ED4003D8C51 /* Album.swift */,
				8DBAD2E8195CBE68003D8C51 /* DetailsViewController.swift */,
				8DBAD2EA195D9450003D8C51 /* Track.swift */,
				8DBAD2F0195F7443003D8C51 /* TrackCell.swift */,
			);
			path = JamesQ;
			sourceTree = "<group>";
		};
		8D8B7C44195BA331009C1110 /* Supporting Files */ = {
			isa = PBXGroup;
			children = (
				8D8B7C45195BA331009C1110 /* Info.plist */,
			);
			name = "Supporting Files";
			sourceTree = "<group>";
		};
		8D8B7C56195BA332009C1110 /* JamesQTests */ = {
			isa = PBXGroup;
			children = (
				8D8B7C59195BA332009C1110 /* JamesQTests.swift */,
				8D8B7C57195BA332009C1110 /* Supporting Files */,
			);
			path = JamesQTests;
			sourceTree = "<group>";
		};
		8D8B7C57195BA332009C1110 /* Supporting Files */ = {
			isa = PBXGroup;
			children = (
				8D8B7C58195BA332009C1110 /* Info.plist */,
			);
			name = "Supporting Files";
			sourceTree = "<group>";
		};
/* End PBXGroup section */

/* Begin PBXNativeTarget section */
		8D8B7C40195BA331009C1110 /* JamesQ */ = {
			isa = PBXNativeTarget;
			buildConfigurationList = 8D8B7C5D195BA332009C1110 /* Build configuration list for PBXNativeTarget "JamesQ" */;
			buildPhases = (
				3F7AEDA54CD445618B1AF167 /* Check Pods Manifest.lock */,
				8D8B7C3D195BA331009C1110 /* Sources */,
				8D8B7C3E195BA331009C1110 /* Frameworks */,
				8D8B7C3F195BA331009C1110 /* Resources */,
				B5CD3B07DE544906A3D369ED /* Copy Pods Resources */,
			);
			buildRules = (
			);
			dependencies = (
			);
			name = JamesQ;
			productName = JamesQ;
			productReference = 8D8B7C41195BA331009C1110 /* JamesQ.app */;
			productType = "com.apple.product-type.application";
		};
		8D8B7C52195BA332009C1110 /* JamesQTests */ = {
			isa = PBXNativeTarget;
			buildConfigurationList = 8D8B7C60195BA332009C1110 /* Build configuration list for PBXNativeTarget "JamesQTests" */;
			buildPhases = (
				8D8B7C4F195BA332009C1110 /* Sources */,
				8D8B7C50195BA332009C1110 /* Frameworks */,
				8D8B7C51195BA332009C1110 /* Resources */,
			);
			buildRules = (
			);
			dependencies = (
				8D8B7C55195BA332009C1110 /* PBXTargetDependency */,
			);
			name = JamesQTests;
			productName = JamesQTests;
			productReference = 8D8B7C53195BA332009C1110 /* JamesQTests.xctest */;
			productType = "com.apple.product-type.bundle.unit-test";
		};
/* End PBXNativeTarget section */

/* Begin PBXProject section */
		8D8B7C39195BA331009C1110 /* Project object */ = {
			isa = PBXProject;
			attributes = {
				LastUpgradeCheck = 0600;
				ORGANIZATIONNAME = Corklabs;
				TargetAttributes = {
					8D8B7C40195BA331009C1110 = {
						CreatedOnToolsVersion = 6.0;
					};
					8D8B7C52195BA332009C1110 = {
						CreatedOnToolsVersion = 6.0;
						TestTargetID = 8D8B7C40195BA331009C1110;
					};
				};
			};
			buildConfigurationList = 8D8B7C3C195BA331009C1110 /* Build configuration list for PBXProject "JamesQ" */;
			compatibilityVersion = "Xcode 3.2";
			developmentRegion = English;
			hasScannedForEncodings = 0;
			knownRegions = (
				en,
				Base,
			);
			mainGroup = 8D8B7C38195BA331009C1110;
			productRefGroup = 8D8B7C42195BA331009C1110 /* Products */;
			projectDirPath = "";
			projectRoot = "";
			targets = (
				8D8B7C40195BA331009C1110 /* JamesQ */,
				8D8B7C52195BA332009C1110 /* JamesQTests */,
			);
		};
/* End PBXProject section */

/* Begin PBXResourcesBuildPhase section */
		8D8B7C3F195BA331009C1110 /* Resources */ = {
			isa = PBXResourcesBuildPhase;
			buildActionMask = 2147483647;
			files = (
				8D8B7C4C195BA331009C1110 /* Main.storyboard in Resources */,
				8D8B7C4E195BA331009C1110 /* Images.xcassets in Resources */,
			);
			runOnlyForDeploymentPostprocessing = 0;
		};
		8D8B7C51195BA332009C1110 /* Resources */ = {
			isa = PBXResourcesBuildPhase;
			buildActionMask = 2147483647;
			files = (
			);
			runOnlyForDeploymentPostprocessing = 0;
		};
/* End PBXResourcesBuildPhase section */

/* Begin PBXShellScriptBuildPhase section */
		3F7AEDA54CD445618B1AF167 /* Check Pods Manifest.lock */ = {
			isa = PBXShellScriptBuildPhase;
			buildActionMask = 2147483647;
			files = (
			);
			inputPaths = (
			);
			name = "Check Pods Manifest.lock";
			outputPaths = (
			);
			runOnlyForDeploymentPostprocessing = 0;
			shellPath = /bin/sh;
			shellScript = "diff \"${PODS_ROOT}/../Podfile.lock\" \"${PODS_ROOT}/Manifest.lock\" > /dev/null\nif [[ $? != 0 ]] ; then\n    cat << EOM\nerror: The sandbox is not in sync with the Podfile.lock. Run 'pod install' or update your CocoaPods installation.\nEOM\n    exit 1\nfi\n";
			showEnvVarsInLog = 0;
		};
		B5CD3B07DE544906A3D369ED /* Copy Pods Resources */ = {
			isa = PBXShellScriptBuildPhase;
			buildActionMask = 2147483647;
			files = (
			);
			inputPaths = (
			);
			name = "Copy Pods Resources";
			outputPaths = (
			);
			runOnlyForDeploymentPostprocessing = 0;
			shellPath = /bin/sh;
			shellScript = "\"${SRCROOT}/Pods/Pods-resources.sh\"\n";
			showEnvVarsInLog = 0;
		};
/* End PBXShellScriptBuildPhase section */

/* Begin PBXSourcesBuildPhase section */
		8D8B7C3D195BA331009C1110 /* Sources */ = {
			isa = PBXSourcesBuildPhase;
			buildActionMask = 2147483647;
			files = (
				8DBAD2F1195F7443003D8C51 /* TrackCell.swift in Sources */,
				8D8B7C49195BA331009C1110 /* SearchResultsViewController.swift in Sources */,
				8D8B7C47195BA331009C1110 /* AppDelegate.swift in Sources */,
				8DBAD2E3195BABFD003D8C51 /* APIController.swift in Sources */,
				8DBAD2E5195C9ED4003D8C51 /* Album.swift in Sources */,
				8DBAD2E9195CBE68003D8C51 /* DetailsViewController.swift in Sources */,
				8DBAD2EB195D9450003D8C51 /* Track.swift in Sources */,
			);
			runOnlyForDeploymentPostprocessing = 0;
		};
		8D8B7C4F195BA332009C1110 /* Sources */ = {
			isa = PBXSourcesBuildPhase;
			buildActionMask = 2147483647;
			files = (
				8D8B7C5A195BA332009C1110 /* JamesQTests.swift in Sources */,
			);
			runOnlyForDeploymentPostprocessing = 0;
		};
/* End PBXSourcesBuildPhase section */

/* Begin PBXTargetDependency section */
		8D8B7C55195BA332009C1110 /* PBXTargetDependency */ = {
			isa = PBXTargetDependency;
			target = 8D8B7C40195BA331009C1110 /* JamesQ */;
			targetProxy = 8D8B7C54195BA332009C1110 /* PBXContainerItemProxy */;
		};
/* End PBXTargetDependency section */

/* Begin PBXVariantGroup section */
		8D8B7C4A195BA331009C1110 /* Main.storyboard */ = {
			isa = PBXVariantGroup;
			children = (
				8D8B7C4B195BA331009C1110 /* Base */,
			);
			name = Main.storyboard;
			sourceTree = "<group>";
		};
/* End PBXVariantGroup section */

/* Begin XCBuildConfiguration section */
		8D8B7C5B195BA332009C1110 /* Debug */ = {
			isa = XCBuildConfiguration;
			buildSettings = {
				ALWAYS_SEARCH_USER_PATHS = NO;
				CLANG_CXX_LANGUAGE_STANDARD = "gnu++0x";
				CLANG_CXX_LIBRARY = "libc++";
				CLANG_ENABLE_MODULES = YES;
				CLANG_ENABLE_OBJC_ARC = YES;
				CLANG_WARN_BOOL_CONVERSION = YES;
				CLANG_WARN_CONSTANT_CONVERSION = YES;
				CLANG_WARN_DIRECT_OBJC_ISA_USAGE = YES_ERROR;
				CLANG_WARN_EMPTY_BODY = YES;
				CLANG_WARN_ENUM_CONVERSION = YES;
				CLANG_WARN_INT_CONVERSION = YES;
				CLANG_WARN_OBJC_ROOT_CLASS = YES_ERROR;
				CLANG_WARN_UNREACHABLE_CODE = YES;
				CLANG_WARN__DUPLICATE_METHOD_MATCH = YES;
				CODE_SIGN_IDENTITY = "iPhone Developer: Dean Chen (M7629V7T57)";
				"CODE_SIGN_IDENTITY[sdk=iphoneos*]" = "iPhone Developer";
				COPY_PHASE_STRIP = NO;
				ENABLE_STRICT_OBJC_MSGSEND = YES;
				GCC_C_LANGUAGE_STANDARD = gnu99;
				GCC_DYNAMIC_NO_PIC = NO;
				GCC_OPTIMIZATION_LEVEL = 0;
				GCC_PREPROCESSOR_DEFINITIONS = (
					"DEBUG=1",
					"$(inherited)",
				);
				GCC_SYMBOLS_PRIVATE_EXTERN = NO;
				GCC_WARN_64_TO_32_BIT_CONVERSION = YES;
				GCC_WARN_ABOUT_RETURN_TYPE = YES_ERROR;
				GCC_WARN_UNDECLARED_SELECTOR = YES;
				GCC_WARN_UNINITIALIZED_AUTOS = YES_AGGRESSIVE;
				GCC_WARN_UNUSED_FUNCTION = YES;
				GCC_WARN_UNUSED_VARIABLE = YES;
				IPHONEOS_DEPLOYMENT_TARGET = 8.0;
				METAL_ENABLE_DEBUG_INFO = YES;
				ONLY_ACTIVE_ARCH = YES;
				SDKROOT = iphoneos;
				SWIFT_OPTIMIZATION_LEVEL = "-Onone";
			};
			name = Debug;
		};
		8D8B7C5C195BA332009C1110 /* Release */ = {
			isa = XCBuildConfiguration;
			buildSettings = {
				ALWAYS_SEARCH_USER_PATHS = NO;
				CLANG_CXX_LANGUAGE_STANDARD = "gnu++0x";
				CLANG_CXX_LIBRARY = "libc++";
				CLANG_ENABLE_MODULES = YES;
				CLANG_ENABLE_OBJC_ARC = YES;
				CLANG_WARN_BOOL_CONVERSION = YES;
				CLANG_WARN_CONSTANT_CONVERSION = YES;
				CLANG_WARN_DIRECT_OBJC_ISA_USAGE = YES_ERROR;
				CLANG_WARN_EMPTY_BODY = YES;
				CLANG_WARN_ENUM_CONVERSION = YES;
				CLANG_WARN_INT_CONVERSION = YES;
				CLANG_WARN_OBJC_ROOT_CLASS = YES_ERROR;
				CLANG_WARN_UNREACHABLE_CODE = YES;
				CLANG_WARN__DUPLICATE_METHOD_MATCH = YES;
				"CODE_SIGN_IDENTITY[sdk=iphoneos*]" = "iPhone Developer";
				COPY_PHASE_STRIP = YES;
				ENABLE_NS_ASSERTIONS = NO;
				ENABLE_STRICT_OBJC_MSGSEND = YES;
				GCC_C_LANGUAGE_STANDARD = gnu99;
				GCC_WARN_64_TO_32_BIT_CONVERSION = YES;
				GCC_WARN_ABOUT_RETURN_TYPE = YES_ERROR;
				GCC_WARN_UNDECLARED_SELECTOR = YES;
				GCC_WARN_UNINITIALIZED_AUTOS = YES_AGGRESSIVE;
				GCC_WARN_UNUSED_FUNCTION = YES;
				GCC_WARN_UNUSED_VARIABLE = YES;
				IPHONEOS_DEPLOYMENT_TARGET = 8.0;
				METAL_ENABLE_DEBUG_INFO = NO;
				SDKROOT = iphoneos;
				VALIDATE_PRODUCT = YES;
			};
			name = Release;
		};
		8D8B7C5E195BA332009C1110 /* Debug */ = {
			isa = XCBuildConfiguration;
			baseConfigurationReference = B5C58FC826C64299AAFAC286 /* Pods.xcconfig */;
			buildSettings = {
				ASSETCATALOG_COMPILER_APPICON_NAME = AppIcon;
				ASSETCATALOG_COMPILER_LAUNCHIMAGE_NAME = LaunchImage;
				INFOPLIST_FILE = JamesQ/Info.plist;
				IPHONEOS_DEPLOYMENT_TARGET = 7.1;
				LD_RUNPATH_SEARCH_PATHS = "$(inherited) @executable_path/Frameworks";
				PRODUCT_NAME = "$(TARGET_NAME)";
				SWIFT_OBJC_BRIDGING_HEADER = "JamesQ-Bridging-Header.h";
			};
			name = Debug;
		};
		8D8B7C5F195BA332009C1110 /* Release */ = {
			isa = XCBuildConfiguration;
			baseConfigurationReference = B5C58FC826C64299AAFAC286 /* Pods.xcconfig */;
			buildSettings = {
				ASSETCATALOG_COMPILER_APPICON_NAME = AppIcon;
				ASSETCATALOG_COMPILER_LAUNCHIMAGE_NAME = LaunchImage;
				INFOPLIST_FILE = JamesQ/Info.plist;
				IPHONEOS_DEPLOYMENT_TARGET = 7.1;
				LD_RUNPATH_SEARCH_PATHS = "$(inherited) @executable_path/Frameworks";
				PRODUCT_NAME = "$(TARGET_NAME)";
				SWIFT_OBJC_BRIDGING_HEADER = "JamesQ-Bridging-Header.h";
			};
			name = Release;
		};
		8D8B7C61195BA332009C1110 /* Debug */ = {
			isa = XCBuildConfiguration;
			buildSettings = {
				BUNDLE_LOADER = "$(BUILT_PRODUCTS_DIR)/JamesQ.app/JamesQ";
				FRAMEWORK_SEARCH_PATHS = (
					"$(SDKROOT)/Developer/Library/Frameworks",
					"$(inherited)",
				);
				GCC_PREPROCESSOR_DEFINITIONS = (
					"DEBUG=1",
					"$(inherited)",
				);
				INFOPLIST_FILE = JamesQTests/Info.plist;
				LD_RUNPATH_SEARCH_PATHS = "$(inherited) @executable_path/Frameworks @loader_path/Frameworks";
				METAL_ENABLE_DEBUG_INFO = YES;
				PRODUCT_NAME = "$(TARGET_NAME)";
				TEST_HOST = "$(BUNDLE_LOADER)";
			};
			name = Debug;
		};
		8D8B7C62195BA332009C1110 /* Release */ = {
			isa = XCBuildConfiguration;
			buildSettings = {
				BUNDLE_LOADER = "$(BUILT_PRODUCTS_DIR)/JamesQ.app/JamesQ";
				FRAMEWORK_SEARCH_PATHS = (
					"$(SDKROOT)/Developer/Library/Frameworks",
					"$(inherited)",
				);
				INFOPLIST_FILE = JamesQTests/Info.plist;
				LD_RUNPATH_SEARCH_PATHS = "$(inherited) @executable_path/Frameworks @loader_path/Frameworks";
				METAL_ENABLE_DEBUG_INFO = NO;
				PRODUCT_NAME = "$(TARGET_NAME)";
				TEST_HOST = "$(BUNDLE_LOADER)";
			};
			name = Release;
		};
/* End XCBuildConfiguration section */

/* Begin XCConfigurationList section */
		8D8B7C3C195BA331009C1110 /* Build configuration list for PBXProject "JamesQ" */ = {
			isa = XCConfigurationList;
			buildConfigurations = (
				8D8B7C5B195BA332009C1110 /* Debug */,
				8D8B7C5C195BA332009C1110 /* Release */,
			);
			defaultConfigurationIsVisible = 0;
			defaultConfigurationName = Release;
		};
		8D8B7C5D195BA332009C1110 /* Build configuration list for PBXNativeTarget "JamesQ" */ = {
			isa = XCConfigurationList;
			buildConfigurations = (
				8D8B7C5E195BA332009C1110 /* Debug */,
				8D8B7C5F195BA332009C1110 /* Release */,
			);
			defaultConfigurationIsVisible = 0;
			defaultConfigurationName = Release;
		};
		8D8B7C60195BA332009C1110 /* Build configuration list for PBXNativeTarget "JamesQTests" */ = {
			isa = XCConfigurationList;
			buildConfigurations = (
				8D8B7C61195BA332009C1110 /* Debug */,
				8D8B7C62195BA332009C1110 /* Release */,
			);
			defaultConfigurationIsVisible = 0;
			defaultConfigurationName = Release;
		};
/* End XCConfigurationList section */
	};
	rootObject = 8D8B7C39195BA331009C1110 /* Project object */;
}
